
Microsoft Visual Studio Solution File, Format Version 12.00
# Visual Studio Version 16
VisualStudioVersion = 16.0.31911.196
MinimumVisualStudioVersion = 10.0.40219.1
Project("{FAE04EC0-301F-11D3-BF4B-00C04F79EFBC}") = "ContosoUniversity", "ContosoUniversity\ContosoUniversity.csproj", "{48E1DC4C-3788-40A5-96CD-659DC4832CAC}"
EndProject
Global
	GlobalSection(SolutionConfigurationPlatforms) = preSolution
		Debug|Any CPU = Debug|Any CPU
		Release|Any CPU = Release|Any CPU
	EndGlobalSection
	GlobalSection(ProjectConfigurationPlatforms) = postSolution
		{48E1DC4C-3788-40A5-96CD-659DC4832CAC}.Debug|Any CPU.ActiveCfg = Debug|Any CPU
		{48E1DC4C-3788-40A5-96CD-659DC4832CAC}.Debug|Any CPU.Build.0 = Debug|Any CPU
		{48E1DC4C-3788-40A5-96CD-659DC4832CAC}.Release|Any CPU.ActiveCfg = Release|Any CPU
		{48E1DC4C-3788-40A5-96CD-659DC4832CAC}.Release|Any CPU.Build.0 = Release|Any CPU
	EndGlobalSection
	GlobalSection(SolutionProperties) = preSolution
		HideSolutionNode = FALSE
	EndGlobalSection
	GlobalSection(ExtensibilityGlobals) = postSolution
		SolutionGuid = {C3F89FF6-694A-4FB7-A982-2737D48292D6}
	EndGlobalSection
EndGlobal
